
Microsoft Visual Studio Solution File, Format Version 12.00
# Visual Studio Version 16
VisualStudioVersion = 16.0.32106.194
MinimumVisualStudioVersion = 10.0.40219.1
Project("{FAE04EC0-301F-11D3-BF4B-00C04F79EFBC}") = "project1", "project1\project1.csproj", "{FCA99B84-2C8D-429E-9B6A-AB4EBC872A8D}"
EndProject
Global
	GlobalSection(SolutionConfigurationPlatforms) = preSolution
		Debug|Any CPU = Debug|Any CPU
		Release|Any CPU = Release|Any CPU
	EndGlobalSection
	GlobalSection(ProjectConfigurationPlatforms) = postSolution
		{FCA99B84-2C8D-429E-9B6A-AB4EBC872A8D}.Debug|Any CPU.ActiveCfg = Debug|Any CPU
		{FCA99B84-2C8D-429E-9B6A-AB4EBC872A8D}.Debug|Any CPU.Build.0 = Debug|Any CPU
		{FCA99B84-2C8D-429E-9B6A-AB4EBC872A8D}.Release|Any CPU.ActiveCfg = Release|Any CPU
		{FCA99B84-2C8D-429E-9B6A-AB4EBC872A8D}.Release|Any CPU.Build.0 = Release|Any CPU
	EndGlobalSection
	GlobalSection(SolutionProperties) = preSolution
		HideSolutionNode = FALSE
	EndGlobalSection
	GlobalSection(ExtensibilityGlobals) = postSolution
		SolutionGuid = {638528B7-8087-43A6-B3D0-7BB5E98A52EF}
	EndGlobalSection
EndGlobal
